
Microsoft Visual Studio Solution File, Format Version 12.00
# Visual Studio Version 16
VisualStudioVersion = 16.0.31729.503
MinimumVisualStudioVersion = 10.0.40219.1
Project("{FAE04EC0-301F-11D3-BF4B-00C04F79EFBC}") = "DRAGO", "DRAGO\DRAGO.csproj", "{F07FF1D3-E822-493F-858B-EC9047D52A13}"
EndProject
Global
	GlobalSection(SolutionConfigurationPlatforms) = preSolution
		Debug|Any CPU = Debug|Any CPU
		Release|Any CPU = Release|Any CPU
	EndGlobalSection
	GlobalSection(ProjectConfigurationPlatforms) = postSolution
		{F07FF1D3-E822-493F-858B-EC9047D52A13}.Debug|Any CPU.ActiveCfg = Debug|Any CPU
		{F07FF1D3-E822-493F-858B-EC9047D52A13}.Debug|Any CPU.Build.0 = Debug|Any CPU
		{F07FF1D3-E822-493F-858B-EC9047D52A13}.Release|Any CPU.ActiveCfg = Release|Any CPU
		{F07FF1D3-E822-493F-858B-EC9047D52A13}.Release|Any CPU.Build.0 = Release|Any CPU
	EndGlobalSection
	GlobalSection(SolutionProperties) = preSolution
		HideSolutionNode = FALSE
	EndGlobalSection
	GlobalSection(ExtensibilityGlobals) = postSolution
		SolutionGuid = {2B6F520C-047B-4D77-A744-DB30C4B85F6D}
	EndGlobalSection
EndGlobal
